
Microsoft Visual Studio Solution File, Format Version 12.00
# Visual Studio Version 17
VisualStudioVersion = 17.0.32126.317
MinimumVisualStudioVersion = 10.0.40219.1
Project("{FAE04EC0-301F-11D3-BF4B-00C04F79EFBC}") = "CatalogWorker", "CatalogWorker.csproj", "{5CF7F274-2082-4705-9796-2D2E50F6ACBD}"
EndProject
Global
	GlobalSection(SolutionConfigurationPlatforms) = preSolution
		Debug|Any CPU = Debug|Any CPU
		Release|Any CPU = Release|Any CPU
	EndGlobalSection
	GlobalSection(ProjectConfigurationPlatforms) = postSolution
		{5CF7F274-2082-4705-9796-2D2E50F6ACBD}.Debug|Any CPU.ActiveCfg = Debug|Any CPU
		{5CF7F274-2082-4705-9796-2D2E50F6ACBD}.Debug|Any CPU.Build.0 = Debug|Any CPU
		{5CF7F274-2082-4705-9796-2D2E50F6ACBD}.Release|Any CPU.ActiveCfg = Release|Any CPU
		{5CF7F274-2082-4705-9796-2D2E50F6ACBD}.Release|Any CPU.Build.0 = Release|Any CPU
	EndGlobalSection
	GlobalSection(SolutionProperties) = preSolution
		HideSolutionNode = FALSE
	EndGlobalSection
	GlobalSection(ExtensibilityGlobals) = postSolution
		SolutionGuid = {675D07B8-BE49-4E40-9DBE-3C0B4F52D780}
	EndGlobalSection
EndGlobal
